
Microsoft Visual Studio Solution File, Format Version 12.00
# Visual Studio 15
VisualStudioVersion = 15.0.27703.2035
MinimumVisualStudioVersion = 10.0.40219.1
Project("{FAE04EC0-301F-11D3-BF4B-00C04F79EFBC}") = "Nav_Test", "Nav_Test\Nav_Test.csproj", "{65886946-1D39-455D-9725-682A42478D39}"
EndProject
Global
	GlobalSection(SolutionConfigurationPlatforms) = preSolution
		Debug|Any CPU = Debug|Any CPU
		Release|Any CPU = Release|Any CPU
	EndGlobalSection
	GlobalSection(ProjectConfigurationPlatforms) = postSolution
		{65886946-1D39-455D-9725-682A42478D39}.Debug|Any CPU.ActiveCfg = Debug|Any CPU
		{65886946-1D39-455D-9725-682A42478D39}.Debug|Any CPU.Build.0 = Debug|Any CPU
		{65886946-1D39-455D-9725-682A42478D39}.Debug|Any CPU.Deploy.0 = Debug|Any CPU
		{65886946-1D39-455D-9725-682A42478D39}.Release|Any CPU.ActiveCfg = Release|Any CPU
		{65886946-1D39-455D-9725-682A42478D39}.Release|Any CPU.Build.0 = Release|Any CPU
		{65886946-1D39-455D-9725-682A42478D39}.Release|Any CPU.Deploy.0 = Release|Any CPU
	EndGlobalSection
	GlobalSection(SolutionProperties) = preSolution
		HideSolutionNode = FALSE
	EndGlobalSection
	GlobalSection(ExtensibilityGlobals) = postSolution
		SolutionGuid = {BFD22F42-93EC-4FFC-A71B-2926139F43A3}
	EndGlobalSection
EndGlobal
